
Microsoft Visual Studio Solution File, Format Version 12.00
# Visual Studio 14
VisualStudioVersion = 14.0.25420.1
MinimumVisualStudioVersion = 10.0.40219.1
Project("{FAE04EC0-301F-11D3-BF4B-00C04F79EFBC}") = "Spiral", "Spiral\Spiral.csproj", "{A411259C-FB0A-48EC-AC76-9F341CBBA7AD}"
EndProject
Project("{FAE04EC0-301F-11D3-BF4B-00C04F79EFBC}") = "SpiralTest", "SpiralTest\SpiralTest.csproj", "{73B23709-D39C-488E-8C80-53EBAF490B30}"
EndProject
Global
	GlobalSection(SolutionConfigurationPlatforms) = preSolution
		Debug|Any CPU = Debug|Any CPU
		Release|Any CPU = Release|Any CPU
	EndGlobalSection
	GlobalSection(ProjectConfigurationPlatforms) = postSolution
		{A411259C-FB0A-48EC-AC76-9F341CBBA7AD}.Debug|Any CPU.ActiveCfg = Debug|Any CPU
		{A411259C-FB0A-48EC-AC76-9F341CBBA7AD}.Debug|Any CPU.Build.0 = Debug|Any CPU
		{A411259C-FB0A-48EC-AC76-9F341CBBA7AD}.Release|Any CPU.ActiveCfg = Release|Any CPU
		{A411259C-FB0A-48EC-AC76-9F341CBBA7AD}.Release|Any CPU.Build.0 = Release|Any CPU
		{73B23709-D39C-488E-8C80-53EBAF490B30}.Debug|Any CPU.ActiveCfg = Debug|Any CPU
		{73B23709-D39C-488E-8C80-53EBAF490B30}.Debug|Any CPU.Build.0 = Debug|Any CPU
		{73B23709-D39C-488E-8C80-53EBAF490B30}.Release|Any CPU.ActiveCfg = Release|Any CPU
		{73B23709-D39C-488E-8C80-53EBAF490B30}.Release|Any CPU.Build.0 = Release|Any CPU
	EndGlobalSection
	GlobalSection(SolutionProperties) = preSolution
		HideSolutionNode = FALSE
	EndGlobalSection
EndGlobal
